// !$*UTF8*$!
{
	archiveVersion = 1;
	classes = {
	};
	objectVersion = 51;
	objects = {

/* Begin PBXBuildFile section */
		2D66FC6F250E4FC4002B2109 /* AppDelegate.swift in Sources */ = {isa = PBXBuildFile; fileRef = 2D66FC6E250E4FC4002B2109 /* AppDelegate.swift */; };
		2D66FC73250E4FC4002B2109 /* LoginViewController.swift in Sources */ = {isa = PBXBuildFile; fileRef = 2D66FC72250E4FC4002B2109 /* LoginViewController.swift */; };
		2D66FC76250E4FC4002B2109 /* Main.storyboard in Resources */ = {isa = PBXBuildFile; fileRef = 2D66FC74250E4FC4002B2109 /* Main.storyboard */; };
		2D66FC78250E4FD2002B2109 /* Assets.xcassets in Resources */ = {isa = PBXBuildFile; fileRef = 2D66FC77250E4FD2002B2109 /* Assets.xcassets */; };
		2D66FC7B250E4FD2002B2109 /* LaunchScreen.storyboard in Resources */ = {isa = PBXBuildFile; fileRef = 2D66FC79250E4FD2002B2109 /* LaunchScreen.storyboard */; };
		2D7CEB9D2517F68F00B8941C /* WebKitViewController.swift in Sources */ = {isa = PBXBuildFile; fileRef = 2D7CEB9C2517F68F00B8941C /* WebKitViewController.swift */; };
		2D89078F251151BC009204C9 /* RepoCell.swift in Sources */ = {isa = PBXBuildFile; fileRef = 2D89078E251151BC009204C9 /* RepoCell.swift */; };
		2D89079225115501009204C9 /* UIView+SafeAreaAnchors.swift in Sources */ = {isa = PBXBuildFile; fileRef = 2D89079125115501009204C9 /* UIView+SafeAreaAnchors.swift */; };
		2D8F200F2515FC3F00BB8DCC /* ReposHeaderView.swift in Sources */ = {isa = PBXBuildFile; fileRef = 2D8F200E2515FC3F00BB8DCC /* ReposHeaderView.swift */; };
		2D8F20142516099500BB8DCC /* ReposResponse.swift in Sources */ = {isa = PBXBuildFile; fileRef = 2D8F20132516099500BB8DCC /* ReposResponse.swift */; };
		2D8F201725160C0E00BB8DCC /* Repo.swift in Sources */ = {isa = PBXBuildFile; fileRef = 2D8F201625160C0E00BB8DCC /* Repo.swift */; };
		2D8F201A25160D0600BB8DCC /* RepoOwner.swift in Sources */ = {isa = PBXBuildFile; fileRef = 2D8F201925160D0600BB8DCC /* RepoOwner.swift */; };
		2DAB385B250FFD5100CE2DE3 /* ReposListViewController.swift in Sources */ = {isa = PBXBuildFile; fileRef = 2DAB385A250FFD5100CE2DE3 /* ReposListViewController.swift */; };
		2DE40F69251A975A00B80DF9 /* NetworkManager.swift in Sources */ = {isa = PBXBuildFile; fileRef = 2DE40F68251A975A00B80DF9 /* NetworkManager.swift */; };
		2DE40F6D251AA1FC00B80DF9 /* Base64Converter.swift in Sources */ = {isa = PBXBuildFile; fileRef = 2DE40F6C251AA1FC00B80DF9 /* Base64Converter.swift */; };
		2DE40F73251AAB5900B80DF9 /* LoginData.swift in Sources */ = {isa = PBXBuildFile; fileRef = 2DE40F72251AAB5900B80DF9 /* LoginData.swift */; };
		2DEBDE67250E6C70007C5D96 /* SearchViewController.swift in Sources */ = {isa = PBXBuildFile; fileRef = 2DEBDE66250E6C70007C5D96 /* SearchViewController.swift */; };
		7F767E65476BE77435A2E7A5 /* Pods_Course5Homework.framework in Frameworks */ = {isa = PBXBuildFile; fileRef = 1F0C0EF8D7B447CCED957E3D /* Pods_Course5Homework.framework */; };
/* End PBXBuildFile section */

/* Begin PBXFileReference section */
		1F0C0EF8D7B447CCED957E3D /* Pods_Course5Homework.framework */ = {isa = PBXFileReference; explicitFileType = wrapper.framework; includeInIndex = 0; path = Pods_Course5Homework.framework; sourceTree = BUILT_PRODUCTS_DIR; };
		2D4E271D2513FF1800CE93BB /* KingfisherSwiftUI.framework */ = {isa = PBXFileReference; lastKnownFileType = wrapper.framework; name = KingfisherSwiftUI.framework; path = Carthage/Build/iOS/KingfisherSwiftUI.framework; sourceTree = "<group>"; };
		2D66FC6B250E4FC4002B2109 /* Course5Homework.app */ = {isa = PBXFileReference; explicitFileType = wrapper.application; includeInIndex = 0; path = Course5Homework.app; sourceTree = BUILT_PRODUCTS_DIR; };
		2D66FC6E250E4FC4002B2109 /* AppDelegate.swift */ = {isa = PBXFileReference; lastKnownFileType = sourcecode.swift; path = AppDelegate.swift; sourceTree = "<group>"; };
		2D66FC72250E4FC4002B2109 /* LoginViewController.swift */ = {isa = PBXFileReference; lastKnownFileType = sourcecode.swift; path = LoginViewController.swift; sourceTree = "<group>"; };
		2D66FC75250E4FC4002B2109 /* Base */ = {isa = PBXFileReference; lastKnownFileType = file.storyboard; name = Base; path = Base.lproj/Main.storyboard; sourceTree = "<group>"; };
		2D66FC77250E4FD2002B2109 /* Assets.xcassets */ = {isa = PBXFileReference; lastKnownFileType = folder.assetcatalog; path = Assets.xcassets; sourceTree = "<group>"; };
		2D66FC7A250E4FD2002B2109 /* Base */ = {isa = PBXFileReference; lastKnownFileType = file.storyboard; name = Base; path = Base.lproj/LaunchScreen.storyboard; sourceTree = "<group>"; };
		2D66FC7C250E4FD2002B2109 /* Info.plist */ = {isa = PBXFileReference; lastKnownFileType = text.plist.xml; path = Info.plist; sourceTree = "<group>"; };
		2D7CEB9C2517F68F00B8941C /* WebKitViewController.swift */ = {isa = PBXFileReference; lastKnownFileType = sourcecode.swift; path = WebKitViewController.swift; sourceTree = "<group>"; };
		2D89078E251151BC009204C9 /* RepoCell.swift */ = {isa = PBXFileReference; lastKnownFileType = sourcecode.swift; path = RepoCell.swift; sourceTree = "<group>"; };
		2D89079125115501009204C9 /* UIView+SafeAreaAnchors.swift */ = {isa = PBXFileReference; lastKnownFileType = sourcecode.swift; path = "UIView+SafeAreaAnchors.swift"; sourceTree = "<group>"; };
		2D8F200E2515FC3F00BB8DCC /* ReposHeaderView.swift */ = {isa = PBXFileReference; lastKnownFileType = sourcecode.swift; path = ReposHeaderView.swift; sourceTree = "<group>"; };
		2D8F20132516099500BB8DCC /* ReposResponse.swift */ = {isa = PBXFileReference; lastKnownFileType = sourcecode.swift; path = ReposResponse.swift; sourceTree = "<group>"; };
		2D8F201625160C0E00BB8DCC /* Repo.swift */ = {isa = PBXFileReference; lastKnownFileType = sourcecode.swift; path = Repo.swift; sourceTree = "<group>"; };
		2D8F201925160D0600BB8DCC /* RepoOwner.swift */ = {isa = PBXFileReference; lastKnownFileType = sourcecode.swift; path = RepoOwner.swift; sourceTree = "<group>"; };
		2DAB385A250FFD5100CE2DE3 /* ReposListViewController.swift */ = {isa = PBXFileReference; lastKnownFileType = sourcecode.swift; path = ReposListViewController.swift; sourceTree = "<group>"; };
		2DE40F68251A975A00B80DF9 /* NetworkManager.swift */ = {isa = PBXFileReference; lastKnownFileType = sourcecode.swift; path = NetworkManager.swift; sourceTree = "<group>"; };
		2DE40F6C251AA1FC00B80DF9 /* Base64Converter.swift */ = {isa = PBXFileReference; lastKnownFileType = sourcecode.swift; path = Base64Converter.swift; sourceTree = "<group>"; };
		2DE40F72251AAB5900B80DF9 /* LoginData.swift */ = {isa = PBXFileReference; lastKnownFileType = sourcecode.swift; path = LoginData.swift; sourceTree = "<group>"; };
		2DEBDE61250E5E87007C5D96 /* Kingfisher.framework */ = {isa = PBXFileReference; lastKnownFileType = wrapper.framework; name = Kingfisher.framework; path = Carthage/Build/iOS/Kingfisher.framework; sourceTree = "<group>"; };
		2DEBDE66250E6C70007C5D96 /* SearchViewController.swift */ = {isa = PBXFileReference; lastKnownFileType = sourcecode.swift; path = SearchViewController.swift; sourceTree = "<group>"; };
		5C158290A73FC48E721449EB /* Pods-Course5Homework.debug.xcconfig */ = {isa = PBXFileReference; includeInIndex = 1; lastKnownFileType = text.xcconfig; name = "Pods-Course5Homework.debug.xcconfig"; path = "Target Support Files/Pods-Course5Homework/Pods-Course5Homework.debug.xcconfig"; sourceTree = "<group>"; };
		9D6F7C2F751BF05C4C9DADE1 /* Pods-Course5Homework.release.xcconfig */ = {isa = PBXFileReference; includeInIndex = 1; lastKnownFileType = text.xcconfig; name = "Pods-Course5Homework.release.xcconfig"; path = "Target Support Files/Pods-Course5Homework/Pods-Course5Homework.release.xcconfig"; sourceTree = "<group>"; };
/* End PBXFileReference section */

/* Begin PBXFrameworksBuildPhase section */
		2D66FC68250E4FC4002B2109 /* Frameworks */ = {
			isa = PBXFrameworksBuildPhase;
			buildActionMask = 2147483647;
			files = (
				7F767E65476BE77435A2E7A5 /* Pods_Course5Homework.framework in Frameworks */,
			);
			runOnlyForDeploymentPostprocessing = 0;
		};
/* End PBXFrameworksBuildPhase section */

/* Begin PBXGroup section */
		2D66FC62250E4FC4002B2109 = {
			isa = PBXGroup;
			children = (
				2D66FC6D250E4FC4002B2109 /* Course5Homework */,
				2D66FC6C250E4FC4002B2109 /* Products */,
				2DEBDE60250E5E87007C5D96 /* Frameworks */,
				31E2E2483D0DAC5D524A952E /* Pods */,
			);
			sourceTree = "<group>";
		};
		2D66FC6C250E4FC4002B2109 /* Products */ = {
			isa = PBXGroup;
			children = (
				2D66FC6B250E4FC4002B2109 /* Course5Homework.app */,
			);
			name = Products;
			sourceTree = "<group>";
		};
		2D66FC6D250E4FC4002B2109 /* Course5Homework */ = {
			isa = PBXGroup;
			children = (
				2DE40F6B251AA18D00B80DF9 /* Utils */,
				2DE40F67251A972200B80DF9 /* Network */,
				2D89079325115529009204C9 /* Screens */,
				2D890790251154D1009204C9 /* Extensions */,
				2D66FC6E250E4FC4002B2109 /* AppDelegate.swift */,
				2D66FC77250E4FD2002B2109 /* Assets.xcassets */,
				2D66FC79250E4FD2002B2109 /* LaunchScreen.storyboard */,
				2D66FC7C250E4FD2002B2109 /* Info.plist */,
			);
			path = Course5Homework;
			sourceTree = "<group>";
		};
		2D7BFC5D2510B6B4009A8313 /* ReposList */ = {
			isa = PBXGroup;
			children = (
				2D8F20122516096900BB8DCC /* View */,
				2D8F20112516096000BB8DCC /* Models */,
			);
			path = ReposList;
			sourceTree = "<group>";
		};
		2D7CEB9B2517F65D00B8941C /* WebKit */ = {
			isa = PBXGroup;
			children = (
				2D7CEB9C2517F68F00B8941C /* WebKitViewController.swift */,
			);
			path = WebKit;
			sourceTree = "<group>";
		};
		2D890790251154D1009204C9 /* Extensions */ = {
			isa = PBXGroup;
			children = (
				2D89079125115501009204C9 /* UIView+SafeAreaAnchors.swift */,
			);
			path = Extensions;
			sourceTree = "<group>";
		};
		2D89079325115529009204C9 /* Screens */ = {
			isa = PBXGroup;
			children = (
				2D7CEB9B2517F65D00B8941C /* WebKit */,
				2D89079525115568009204C9 /* Search */,
				2D89079425115553009204C9 /* Login */,
				2D7BFC5D2510B6B4009A8313 /* ReposList */,
				2D66FC74250E4FC4002B2109 /* Main.storyboard */,
			);
			path = Screens;
			sourceTree = "<group>";
		};
		2D89079425115553009204C9 /* Login */ = {
			isa = PBXGroup;
			children = (
				2DE40F71251AAB4200B80DF9 /* Views */,
				2DE40F70251AAB3900B80DF9 /* Models */,
			);
			path = Login;
			sourceTree = "<group>";
		};
		2D89079525115568009204C9 /* Search */ = {
			isa = PBXGroup;
			children = (
				2DEBDE66250E6C70007C5D96 /* SearchViewController.swift */,
			);
			path = Search;
			sourceTree = "<group>";
		};
		2D89079625115599009204C9 /* Cells */ = {
			isa = PBXGroup;
			children = (
				2D89078E251151BC009204C9 /* RepoCell.swift */,
				2D8F200E2515FC3F00BB8DCC /* ReposHeaderView.swift */,
			);
			path = Cells;
			sourceTree = "<group>";
		};
		2D8F20112516096000BB8DCC /* Models */ = {
			isa = PBXGroup;
			children = (
				2D8F20132516099500BB8DCC /* ReposResponse.swift */,
				2D8F201625160C0E00BB8DCC /* Repo.swift */,
				2D8F201925160D0600BB8DCC /* RepoOwner.swift */,
			);
			path = Models;
			sourceTree = "<group>";
		};
		2D8F20122516096900BB8DCC /* View */ = {
			isa = PBXGroup;
			children = (
				2D89079625115599009204C9 /* Cells */,
				2DAB385A250FFD5100CE2DE3 /* ReposListViewController.swift */,
			);
			path = View;
			sourceTree = "<group>";
		};
		2DE40F67251A972200B80DF9 /* Network */ = {
			isa = PBXGroup;
			children = (
				2DE40F68251A975A00B80DF9 /* NetworkManager.swift */,
			);
			path = Network;
			sourceTree = "<group>";
		};
		2DE40F6B251AA18D00B80DF9 /* Utils */ = {
			isa = PBXGroup;
			children = (
				2DE40F6C251AA1FC00B80DF9 /* Base64Converter.swift */,
			);
			path = Utils;
			sourceTree = "<group>";
		};
		2DE40F70251AAB3900B80DF9 /* Models */ = {
			isa = PBXGroup;
			children = (
				2DE40F72251AAB5900B80DF9 /* LoginData.swift */,
			);
			path = Models;
			sourceTree = "<group>";
		};
		2DE40F71251AAB4200B80DF9 /* Views */ = {
			isa = PBXGroup;
			children = (
				2D66FC72250E4FC4002B2109 /* LoginViewController.swift */,
			);
			path = Views;
			sourceTree = "<group>";
		};
		2DEBDE60250E5E87007C5D96 /* Frameworks */ = {
			isa = PBXGroup;
			children = (
				2D4E271D2513FF1800CE93BB /* KingfisherSwiftUI.framework */,
				2DEBDE61250E5E87007C5D96 /* Kingfisher.framework */,
				1F0C0EF8D7B447CCED957E3D /* Pods_Course5Homework.framework */,
			);
			name = Frameworks;
			sourceTree = "<group>";
		};
		31E2E2483D0DAC5D524A952E /* Pods */ = {
			isa = PBXGroup;
			children = (
				5C158290A73FC48E721449EB /* Pods-Course5Homework.debug.xcconfig */,
				9D6F7C2F751BF05C4C9DADE1 /* Pods-Course5Homework.release.xcconfig */,
			);
			path = Pods;
			sourceTree = "<group>";
		};
/* End PBXGroup section */

/* Begin PBXNativeTarget section */
		2D66FC6A250E4FC4002B2109 /* Course5Homework */ = {
			isa = PBXNativeTarget;
			buildConfigurationList = 2D66FC7F250E4FD2002B2109 /* Build configuration list for PBXNativeTarget "Course5Homework" */;
			buildPhases = (
				E20B068DDA24637C7B1A8030 /* [CP] Check Pods Manifest.lock */,
				2D66FC67250E4FC4002B2109 /* Sources */,
				2D66FC68250E4FC4002B2109 /* Frameworks */,
				2D66FC69250E4FC4002B2109 /* Resources */,
				45BD81E08C60A847EB130E0A /* [CP] Embed Pods Frameworks */,
			);
			buildRules = (
			);
			dependencies = (
			);
			name = Course5Homework;
			productName = Course5Homework;
			productReference = 2D66FC6B250E4FC4002B2109 /* Course5Homework.app */;
			productType = "com.apple.product-type.application";
		};
/* End PBXNativeTarget section */

/* Begin PBXProject section */
		2D66FC63250E4FC4002B2109 /* Project object */ = {
			isa = PBXProject;
			attributes = {
				LastSwiftUpdateCheck = 1160;
				LastUpgradeCheck = 1160;
				ORGANIZATIONNAME = "Андрей Груненков";
				TargetAttributes = {
					2D66FC6A250E4FC4002B2109 = {
						CreatedOnToolsVersion = 11.6;
					};
				};
			};
			buildConfigurationList = 2D66FC66250E4FC4002B2109 /* Build configuration list for PBXProject "Course5Homework" */;
			compatibilityVersion = "Xcode 9.3";
			developmentRegion = en;
			hasScannedForEncodings = 0;
			knownRegions = (
				en,
				Base,
			);
			mainGroup = 2D66FC62250E4FC4002B2109;
			productRefGroup = 2D66FC6C250E4FC4002B2109 /* Products */;
			projectDirPath = "";
			projectRoot = "";
			targets = (
				2D66FC6A250E4FC4002B2109 /* Course5Homework */,
			);
		};
/* End PBXProject section */

/* Begin PBXResourcesBuildPhase section */
		2D66FC69250E4FC4002B2109 /* Resources */ = {
			isa = PBXResourcesBuildPhase;
			buildActionMask = 2147483647;
			files = (
				2D66FC7B250E4FD2002B2109 /* LaunchScreen.storyboard in Resources */,
				2D66FC78250E4FD2002B2109 /* Assets.xcassets in Resources */,
				2D66FC76250E4FC4002B2109 /* Main.storyboard in Resources */,
			);
			runOnlyForDeploymentPostprocessing = 0;
		};
/* End PBXResourcesBuildPhase section */

/* Begin PBXShellScriptBuildPhase section */
		45BD81E08C60A847EB130E0A /* [CP] Embed Pods Frameworks */ = {
			isa = PBXShellScriptBuildPhase;
			buildActionMask = 2147483647;
			files = (
			);
			inputFileListPaths = (
				"${PODS_ROOT}/Target Support Files/Pods-Course5Homework/Pods-Course5Homework-frameworks-${CONFIGURATION}-input-files.xcfilelist",
			);
			name = "[CP] Embed Pods Frameworks";
			outputFileListPaths = (
				"${PODS_ROOT}/Target Support Files/Pods-Course5Homework/Pods-Course5Homework-frameworks-${CONFIGURATION}-output-files.xcfilelist",
			);
			runOnlyForDeploymentPostprocessing = 0;
			shellPath = /bin/sh;
			shellScript = "\"${PODS_ROOT}/Target Support Files/Pods-Course5Homework/Pods-Course5Homework-frameworks.sh\"\n";
			showEnvVarsInLog = 0;
		};
		E20B068DDA24637C7B1A8030 /* [CP] Check Pods Manifest.lock */ = {
			isa = PBXShellScriptBuildPhase;
			buildActionMask = 2147483647;
			files = (
			);
			inputFileListPaths = (
			);
			inputPaths = (
				"${PODS_PODFILE_DIR_PATH}/Podfile.lock",
				"${PODS_ROOT}/Manifest.lock",
			);
			name = "[CP] Check Pods Manifest.lock";
			outputFileListPaths = (
			);
			outputPaths = (
				"$(DERIVED_FILE_DIR)/Pods-Course5Homework-checkManifestLockResult.txt",
			);
			runOnlyForDeploymentPostprocessing = 0;
			shellPath = /bin/sh;
			shellScript = "diff \"${PODS_PODFILE_DIR_PATH}/Podfile.lock\" \"${PODS_ROOT}/Manifest.lock\" > /dev/null\nif [ $? != 0 ] ; then\n    # print error to STDERR\n    echo \"error: The sandbox is not in sync with the Podfile.lock. Run 'pod install' or update your CocoaPods installation.\" >&2\n    exit 1\nfi\n# This output is used by Xcode 'outputs' to avoid re-running this script phase.\necho \"SUCCESS\" > \"${SCRIPT_OUTPUT_FILE_0}\"\n";
			showEnvVarsInLog = 0;
		};
/* End PBXShellScriptBuildPhase section */

/* Begin PBXSourcesBuildPhase section */
		2D66FC67250E4FC4002B2109 /* Sources */ = {
			isa = PBXSourcesBuildPhase;
			buildActionMask = 2147483647;
			files = (
				2DE40F69251A975A00B80DF9 /* NetworkManager.swift in Sources */,
				2D89078F251151BC009204C9 /* RepoCell.swift in Sources */,
				2D8F201A25160D0600BB8DCC /* RepoOwner.swift in Sources */,
				2DE40F6D251AA1FC00B80DF9 /* Base64Converter.swift in Sources */,
				2D89079225115501009204C9 /* UIView+SafeAreaAnchors.swift in Sources */,
				2DAB385B250FFD5100CE2DE3 /* ReposListViewController.swift in Sources */,
				2D8F201725160C0E00BB8DCC /* Repo.swift in Sources */,
				2D7CEB9D2517F68F00B8941C /* WebKitViewController.swift in Sources */,
				2DEBDE67250E6C70007C5D96 /* SearchViewController.swift in Sources */,
				2DE40F73251AAB5900B80DF9 /* LoginData.swift in Sources */,
				2D8F200F2515FC3F00BB8DCC /* ReposHeaderView.swift in Sources */,
				2D66FC73250E4FC4002B2109 /* LoginViewController.swift in Sources */,
				2D8F20142516099500BB8DCC /* ReposResponse.swift in Sources */,
				2D66FC6F250E4FC4002B2109 /* AppDelegate.swift in Sources */,
			);
			runOnlyForDeploymentPostprocessing = 0;
		};
/* End PBXSourcesBuildPhase section */

/* Begin PBXVariantGroup section */
		2D66FC74250E4FC4002B2109 /* Main.storyboard */ = {
			isa = PBXVariantGroup;
			children = (
				2D66FC75250E4FC4002B2109 /* Base */,
			);
			name = Main.storyboard;
			sourceTree = "<group>";
		};
		2D66FC79250E4FD2002B2109 /* LaunchScreen.storyboard */ = {
			isa = PBXVariantGroup;
			children = (
				2D66FC7A250E4FD2002B2109 /* Base */,
			);
			name = LaunchScreen.storyboard;
			sourceTree = "<group>";
		};
/* End PBXVariantGroup section */

/* Begin XCBuildConfiguration section */
		2D66FC7D250E4FD2002B2109 /* Debug */ = {
			isa = XCBuildConfiguration;
			buildSettings = {
				ALWAYS_SEARCH_USER_PATHS = NO;
				CLANG_ANALYZER_NONNULL = YES;
				CLANG_ANALYZER_NUMBER_OBJECT_CONVERSION = YES_AGGRESSIVE;
				CLANG_CXX_LANGUAGE_STANDARD = "gnu++14";
				CLANG_CXX_LIBRARY = "libc++";
				CLANG_ENABLE_MODULES = YES;
				CLANG_ENABLE_OBJC_ARC = YES;
				CLANG_ENABLE_OBJC_WEAK = YES;
				CLANG_WARN_BLOCK_CAPTURE_AUTORELEASING = YES;
				CLANG_WARN_BOOL_CONVERSION = YES;
				CLANG_WARN_COMMA = YES;
				CLANG_WARN_CONSTANT_CONVERSION = YES;
				CLANG_WARN_DEPRECATED_OBJC_IMPLEMENTATIONS = YES;
				CLANG_WARN_DIRECT_OBJC_ISA_USAGE = YES_ERROR;
				CLANG_WARN_DOCUMENTATION_COMMENTS = YES;
				CLANG_WARN_EMPTY_BODY = YES;
				CLANG_WARN_ENUM_CONVERSION = YES;
				CLANG_WARN_INFINITE_RECURSION = YES;
				CLANG_WARN_INT_CONVERSION = YES;
				CLANG_WARN_NON_LITERAL_NULL_CONVERSION = YES;
				CLANG_WARN_OBJC_IMPLICIT_RETAIN_SELF = YES;
				CLANG_WARN_OBJC_LITERAL_CONVERSION = YES;
				CLANG_WARN_OBJC_ROOT_CLASS = YES_ERROR;
				CLANG_WARN_RANGE_LOOP_ANALYSIS = YES;
				CLANG_WARN_STRICT_PROTOTYPES = YES;
				CLANG_WARN_SUSPICIOUS_MOVE = YES;
				CLANG_WARN_UNGUARDED_AVAILABILITY = YES_AGGRESSIVE;
				CLANG_WARN_UNREACHABLE_CODE = YES;
				CLANG_WARN__DUPLICATE_METHOD_MATCH = YES;
				COPY_PHASE_STRIP = NO;
				DEBUG_INFORMATION_FORMAT = dwarf;
				ENABLE_STRICT_OBJC_MSGSEND = YES;
				ENABLE_TESTABILITY = YES;
				GCC_C_LANGUAGE_STANDARD = gnu11;
				GCC_DYNAMIC_NO_PIC = NO;
				GCC_NO_COMMON_BLOCKS = YES;
				GCC_OPTIMIZATION_LEVEL = 0;
				GCC_PREPROCESSOR_DEFINITIONS = (
					"DEBUG=1",
					"$(inherited)",
				);
				GCC_WARN_64_TO_32_BIT_CONVERSION = YES;
				GCC_WARN_ABOUT_RETURN_TYPE = YES_ERROR;
				GCC_WARN_UNDECLARED_SELECTOR = YES;
				GCC_WARN_UNINITIALIZED_AUTOS = YES_AGGRESSIVE;
				GCC_WARN_UNUSED_FUNCTION = YES;
				GCC_WARN_UNUSED_VARIABLE = YES;
				IPHONEOS_DEPLOYMENT_TARGET = 13.6;
				MTL_ENABLE_DEBUG_INFO = INCLUDE_SOURCE;
				MTL_FAST_MATH = YES;
				ONLY_ACTIVE_ARCH = YES;
				SDKROOT = iphoneos;
				SWIFT_ACTIVE_COMPILATION_CONDITIONS = DEBUG;
				SWIFT_OPTIMIZATION_LEVEL = "-Onone";
			};
			name = Debug;
		};
		2D66FC7E250E4FD2002B2109 /* Release */ = {
			isa = XCBuildConfiguration;
			buildSettings = {
				ALWAYS_SEARCH_USER_PATHS = NO;
				CLANG_ANALYZER_NONNULL = YES;
				CLANG_ANALYZER_NUMBER_OBJECT_CONVERSION = YES_AGGRESSIVE;
				CLANG_CXX_LANGUAGE_STANDARD = "gnu++14";
				CLANG_CXX_LIBRARY = "libc++";
				CLANG_ENABLE_MODULES = YES;
				CLANG_ENABLE_OBJC_ARC = YES;
				CLANG_ENABLE_OBJC_WEAK = YES;
				CLANG_WARN_BLOCK_CAPTURE_AUTORELEASING = YES;
				CLANG_WARN_BOOL_CONVERSION = YES;
				CLANG_WARN_COMMA = YES;
				CLANG_WARN_CONSTANT_CONVERSION = YES;
				CLANG_WARN_DEPRECATED_OBJC_IMPLEMENTATIONS = YES;
				CLANG_WARN_DIRECT_OBJC_ISA_USAGE = YES_ERROR;
				CLANG_WARN_DOCUMENTATION_COMMENTS = YES;
				CLANG_WARN_EMPTY_BODY = YES;
				CLANG_WARN_ENUM_CONVERSION = YES;
				CLANG_WARN_INFINITE_RECURSION = YES;
				CLANG_WARN_INT_CONVERSION = YES;
				CLANG_WARN_NON_LITERAL_NULL_CONVERSION = YES;
				CLANG_WARN_OBJC_IMPLICIT_RETAIN_SELF = YES;
				CLANG_WARN_OBJC_LITERAL_CONVERSION = YES;
				CLANG_WARN_OBJC_ROOT_CLASS = YES_ERROR;
				CLANG_WARN_RANGE_LOOP_ANALYSIS = YES;
				CLANG_WARN_STRICT_PROTOTYPES = YES;
				CLANG_WARN_SUSPICIOUS_MOVE = YES;
				CLANG_WARN_UNGUARDED_AVAILABILITY = YES_AGGRESSIVE;
				CLANG_WARN_UNREACHABLE_CODE = YES;
				CLANG_WARN__DUPLICATE_METHOD_MATCH = YES;
				COPY_PHASE_STRIP = NO;
				DEBUG_INFORMATION_FORMAT = "dwarf-with-dsym";
				ENABLE_NS_ASSERTIONS = NO;
				ENABLE_STRICT_OBJC_MSGSEND = YES;
				GCC_C_LANGUAGE_STANDARD = gnu11;
				GCC_NO_COMMON_BLOCKS = YES;
				GCC_WARN_64_TO_32_BIT_CONVERSION = YES;
				GCC_WARN_ABOUT_RETURN_TYPE = YES_ERROR;
				GCC_WARN_UNDECLARED_SELECTOR = YES;
				GCC_WARN_UNINITIALIZED_AUTOS = YES_AGGRESSIVE;
				GCC_WARN_UNUSED_FUNCTION = YES;
				GCC_WARN_UNUSED_VARIABLE = YES;
				IPHONEOS_DEPLOYMENT_TARGET = 13.6;
				MTL_ENABLE_DEBUG_INFO = NO;
				MTL_FAST_MATH = YES;
				SDKROOT = iphoneos;
				SWIFT_COMPILATION_MODE = wholemodule;
				SWIFT_OPTIMIZATION_LEVEL = "-O";
				VALIDATE_PRODUCT = YES;
			};
			name = Release;
		};
		2D66FC80250E4FD2002B2109 /* Debug */ = {
			isa = XCBuildConfiguration;
			baseConfigurationReference = 5C158290A73FC48E721449EB /* Pods-Course5Homework.debug.xcconfig */;
			buildSettings = {
				ASSETCATALOG_COMPILER_APPICON_NAME = AppIcon;
				CODE_SIGN_IDENTITY = "Apple Development";
				CODE_SIGN_STYLE = Automatic;
				DEVELOPMENT_TEAM = D8W9RJFTST;
				FRAMEWORK_SEARCH_PATHS = (
					"$(inherited)",
					"$(PROJECT_DIR)/Carthage/Build/iOS",
				);
				INFOPLIST_FILE = Course5Homework/Info.plist;
				IPHONEOS_DEPLOYMENT_TARGET = 11.2;
				LD_RUNPATH_SEARCH_PATHS = (
					"$(inherited)",
					"@executable_path/Frameworks",
				);
				PRODUCT_BUNDLE_IDENTIFIER = grunenkov.Course5Homework;
				PRODUCT_NAME = "$(TARGET_NAME)";
				PROVISIONING_PROFILE_SPECIFIER = "";
				SWIFT_VERSION = 5.0;
				TARGETED_DEVICE_FAMILY = 1;
			};
			name = Debug;
		};
		2D66FC81250E4FD2002B2109 /* Release */ = {
			isa = XCBuildConfiguration;
			baseConfigurationReference = 9D6F7C2F751BF05C4C9DADE1 /* Pods-Course5Homework.release.xcconfig */;
			buildSettings = {
				ASSETCATALOG_COMPILER_APPICON_NAME = AppIcon;
				CODE_SIGN_IDENTITY = "Apple Development";
				CODE_SIGN_STYLE = Automatic;
				DEVELOPMENT_TEAM = D8W9RJFTST;
				FRAMEWORK_SEARCH_PATHS = (
					"$(inherited)",
					"$(PROJECT_DIR)/Carthage/Build/iOS",
				);
				INFOPLIST_FILE = Course5Homework/Info.plist;
				IPHONEOS_DEPLOYMENT_TARGET = 11.2;
				LD_RUNPATH_SEARCH_PATHS = (
					"$(inherited)",
					"@executable_path/Frameworks",
				);
				PRODUCT_BUNDLE_IDENTIFIER = grunenkov.Course5Homework;
				PRODUCT_NAME = "$(TARGET_NAME)";
				PROVISIONING_PROFILE_SPECIFIER = "";
				SWIFT_VERSION = 5.0;
				TARGETED_DEVICE_FAMILY = 1;
			};
			name = Release;
		};
/* End XCBuildConfiguration section */

/* Begin XCConfigurationList section */
		2D66FC66250E4FC4002B2109 /* Build configuration list for PBXProject "Course5Homework" */ = {
			isa = XCConfigurationList;
			buildConfigurations = (
				2D66FC7D250E4FD2002B2109 /* Debug */,
				2D66FC7E250E4FD2002B2109 /* Release */,
			);
			defaultConfigurationIsVisible = 0;
			defaultConfigurationName = Release;
		};
		2D66FC7F250E4FD2002B2109 /* Build configuration list for PBXNativeTarget "Course5Homework" */ = {
			isa = XCConfigurationList;
			buildConfigurations = (
				2D66FC80250E4FD2002B2109 /* Debug */,
				2D66FC81250E4FD2002B2109 /* Release */,
			);
			defaultConfigurationIsVisible = 0;
			defaultConfigurationName = Release;
		};
/* End XCConfigurationList section */
	};
	rootObject = 2D66FC63250E4FC4002B2109 /* Project object */;
}
